
Microsoft Visual Studio Solution File, Format Version 12.00
# Visual Studio 15
VisualStudioVersion = 15.0.28307.271
MinimumVisualStudioVersion = 10.0.40219.1
Project("{FAE04EC0-301F-11D3-BF4B-00C04F79EFBC}") = "CollegeCostAPI", "CollegeCostAPI\CollegeCostAPI.csproj", "{4E97AAA6-FC92-4599-A449-8037BA100EBA}"
EndProject
Project("{FAE04EC0-301F-11D3-BF4B-00C04F79EFBC}") = "Test", "Test\Test.csproj", "{A0F099C3-1456-4E97-85AA-EA9BC7793591}"
EndProject
Global
	GlobalSection(SolutionConfigurationPlatforms) = preSolution
		Debug|Any CPU = Debug|Any CPU
		Release|Any CPU = Release|Any CPU
	EndGlobalSection
	GlobalSection(ProjectConfigurationPlatforms) = postSolution
		{4E97AAA6-FC92-4599-A449-8037BA100EBA}.Debug|Any CPU.ActiveCfg = Debug|Any CPU
		{4E97AAA6-FC92-4599-A449-8037BA100EBA}.Debug|Any CPU.Build.0 = Debug|Any CPU
		{4E97AAA6-FC92-4599-A449-8037BA100EBA}.Release|Any CPU.ActiveCfg = Release|Any CPU
		{4E97AAA6-FC92-4599-A449-8037BA100EBA}.Release|Any CPU.Build.0 = Release|Any CPU
		{A0F099C3-1456-4E97-85AA-EA9BC7793591}.Debug|Any CPU.ActiveCfg = Debug|Any CPU
		{A0F099C3-1456-4E97-85AA-EA9BC7793591}.Debug|Any CPU.Build.0 = Debug|Any CPU
		{A0F099C3-1456-4E97-85AA-EA9BC7793591}.Release|Any CPU.ActiveCfg = Release|Any CPU
		{A0F099C3-1456-4E97-85AA-EA9BC7793591}.Release|Any CPU.Build.0 = Release|Any CPU
	EndGlobalSection
	GlobalSection(SolutionProperties) = preSolution
		HideSolutionNode = FALSE
	EndGlobalSection
	GlobalSection(ExtensibilityGlobals) = postSolution
		SolutionGuid = {607F91B9-0415-41BC-8780-720658028C29}
	EndGlobalSection
EndGlobal
